github.com/stanlyzoolo/basiccalc v0.0.0-20210706163310-898b1cbc38b3/go.mod h1:QAiejBWvTAjDjWv0L1Virpy37NXivXCStZwDsCrhMqY=
github.com/stanlyzoolo/exprgen v0.0.0-20210722204044-9c4b6e36d378 h1:pkyJibkDcXVZVqyKCZYAyhKk7gWvWzzn1RHLEjVI2iQ=
github.com/stanlyzoolo/exprgen v0.0.0-20210722204044-9c4b6e36d378/go.mod h1:ppbLsfoRMqe9jpn/+1pQPCleipVC6mn+ugQxL0LMOoY=
